
Microsoft Visual Studio Solution File, Format Version 12.00
# Visual Studio Version 16
VisualStudioVersion = 16.0.31613.86
MinimumVisualStudioVersion = 10.0.40219.1
Project("{FAE04EC0-301F-11D3-BF4B-00C04F79EFBC}") = "Practica de linq", "Practica de linq\Practica de linq.csproj", "{4379D16A-ED90-4DD9-A990-CD9FCC02203A}"
EndProject
Global
	GlobalSection(SolutionConfigurationPlatforms) = preSolution
		Debug|Any CPU = Debug|Any CPU
		Release|Any CPU = Release|Any CPU
	EndGlobalSection
	GlobalSection(ProjectConfigurationPlatforms) = postSolution
		{4379D16A-ED90-4DD9-A990-CD9FCC02203A}.Debug|Any CPU.ActiveCfg = Debug|Any CPU
		{4379D16A-ED90-4DD9-A990-CD9FCC02203A}.Debug|Any CPU.Build.0 = Debug|Any CPU
		{4379D16A-ED90-4DD9-A990-CD9FCC02203A}.Release|Any CPU.ActiveCfg = Release|Any CPU
		{4379D16A-ED90-4DD9-A990-CD9FCC02203A}.Release|Any CPU.Build.0 = Release|Any CPU
	EndGlobalSection
	GlobalSection(SolutionProperties) = preSolution
		HideSolutionNode = FALSE
	EndGlobalSection
	GlobalSection(ExtensibilityGlobals) = postSolution
		SolutionGuid = {5A36F21E-9327-43A1-A50E-FA2751A53D0B}
	EndGlobalSection
EndGlobal
